// !$*UTF8*$!
{
	archiveVersion = 1;
	classes = {
	};
	objectVersion = 50;
	objects = {

/* Begin PBXBuildFile section */
		8AEABFDF21F39B0F005AC005 /* AppDelegate.swift in Sources */ = {isa = PBXBuildFile; fileRef = 8AEABFDE21F39B0F005AC005 /* AppDelegate.swift */; };
		8AEABFE121F39B0F005AC005 /* ViewController.swift in Sources */ = {isa = PBXBuildFile; fileRef = 8AEABFE021F39B0F005AC005 /* ViewController.swift */; };
		8AEABFE421F39B0F005AC005 /* Main.storyboard in Resources */ = {isa = PBXBuildFile; fileRef = 8AEABFE221F39B0F005AC005 /* Main.storyboard */; };
		8AEABFE621F39B11005AC005 /* Assets.xcassets in Resources */ = {isa = PBXBuildFile; fileRef = 8AEABFE521F39B11005AC005 /* Assets.xcassets */; };
		8AEABFE921F39B11005AC005 /* LaunchScreen.storyboard in Resources */ = {isa = PBXBuildFile; fileRef = 8AEABFE721F39B11005AC005 /* LaunchScreen.storyboard */; };
		8AEABFF421F39B11005AC005 /* FlickerTests.swift in Sources */ = {isa = PBXBuildFile; fileRef = 8AEABFF321F39B11005AC005 /* FlickerTests.swift */; };
/* End PBXBuildFile section */

/* Begin PBXContainerItemProxy section */
		8AEABFF021F39B11005AC005 /* PBXContainerItemProxy */ = {
			isa = PBXContainerItemProxy;
			containerPortal = 8AEABFD321F39B0F005AC005 /* Project object */;
			proxyType = 1;
			remoteGlobalIDString = 8AEABFDA21F39B0F005AC005;
			remoteInfo = Flicker;
		};
/* End PBXContainerItemProxy section */

/* Begin PBXFileReference section */
		8AEABFDB21F39B0F005AC005 /* Flicker.app */ = {isa = PBXFileReference; explicitFileType = wrapper.application; includeInIndex = 0; path = Flicker.app; sourceTree = BUILT_PRODUCTS_DIR; };
		8AEABFDE21F39B0F005AC005 /* AppDelegate.swift */ = {isa = PBXFileReference; lastKnownFileType = sourcecode.swift; path = AppDelegate.swift; sourceTree = "<group>"; };
		8AEABFE021F39B0F005AC005 /* ViewController.swift */ = {isa = PBXFileReference; lastKnownFileType = sourcecode.swift; path = ViewController.swift; sourceTree = "<group>"; };
		8AEABFE321F39B0F005AC005 /* Base */ = {isa = PBXFileReference; lastKnownFileType = file.storyboard; name = Base; path = Base.lproj/Main.storyboard; sourceTree = "<group>"; };
		8AEABFE521F39B11005AC005 /* Assets.xcassets */ = {isa = PBXFileReference; lastKnownFileType = folder.assetcatalog; path = Assets.xcassets; sourceTree = "<group>"; };
		8AEABFE821F39B11005AC005 /* Base */ = {isa = PBXFileReference; lastKnownFileType = file.storyboard; name = Base; path = Base.lproj/LaunchScreen.storyboard; sourceTree = "<group>"; };
		8AEABFEA21F39B11005AC005 /* Info.plist */ = {isa = PBXFileReference; lastKnownFileType = text.plist.xml; path = Info.plist; sourceTree = "<group>"; };
		8AEABFEF21F39B11005AC005 /* FlickerTests.xctest */ = {isa = PBXFileReference; explicitFileType = wrapper.cfbundle; includeInIndex = 0; path = FlickerTests.xctest; sourceTree = BUILT_PRODUCTS_DIR; };
		8AEABFF321F39B11005AC005 /* FlickerTests.swift */ = {isa = PBXFileReference; lastKnownFileType = sourcecode.swift; path = FlickerTests.swift; sourceTree = "<group>"; };
		8AEABFF521F39B11005AC005 /* Info.plist */ = {isa = PBXFileReference; lastKnownFileType = text.plist.xml; path = Info.plist; sourceTree = "<group>"; };
/* End PBXFileReference section */

/* Begin PBXFrameworksBuildPhase section */
		8AEABFD821F39B0F005AC005 /* Frameworks */ = {
			isa = PBXFrameworksBuildPhase;
			buildActionMask = 2147483647;
			files = (
			);
			runOnlyForDeploymentPostprocessing = 0;
		};
		8AEABFEC21F39B11005AC005 /* Frameworks */ = {
			isa = PBXFrameworksBuildPhase;
			buildActionMask = 2147483647;
			files = (
			);
			runOnlyForDeploymentPostprocessing = 0;
		};
/* End PBXFrameworksBuildPhase section */

/* Begin PBXGroup section */
		8AEABFD221F39B0F005AC005 = {
			isa = PBXGroup;
			children = (
				8AEABFDD21F39B0F005AC005 /* Flicker */,
				8AEABFF221F39B11005AC005 /* FlickerTests */,
				8AEABFDC21F39B0F005AC005 /* Products */,
			);
			sourceTree = "<group>";
		};
		8AEABFDC21F39B0F005AC005 /* Products */ = {
			isa = PBXGroup;
			children = (
				8AEABFDB21F39B0F005AC005 /* Flicker.app */,
				8AEABFEF21F39B11005AC005 /* FlickerTests.xctest */,
			);
			name = Products;
			sourceTree = "<group>";
		};
		8AEABFDD21F39B0F005AC005 /* Flicker */ = {
			isa = PBXGroup;
			children = (
				8AEABFDE21F39B0F005AC005 /* AppDelegate.swift */,
				8AEABFE021F39B0F005AC005 /* ViewController.swift */,
				8AEABFE221F39B0F005AC005 /* Main.storyboard */,
				8AEABFE521F39B11005AC005 /* Assets.xcassets */,
				8AEABFE721F39B11005AC005 /* LaunchScreen.storyboard */,
				8AEABFEA21F39B11005AC005 /* Info.plist */,
			);
			path = Flicker;
			sourceTree = "<group>";
		};
		8AEABFF221F39B11005AC005 /* FlickerTests */ = {
			isa = PBXGroup;
			children = (
				8AEABFF321F39B11005AC005 /* FlickerTests.swift */,
				8AEABFF521F39B11005AC005 /* Info.plist */,
			);
			path = FlickerTests;
			sourceTree = "<group>";
		};
/* End PBXGroup section */

/* Begin PBXNativeTarget section */
		8AEABFDA21F39B0F005AC005 /* Flicker */ = {
			isa = PBXNativeTarget;
			buildConfigurationList = 8AEABFF821F39B11005AC005 /* Build configuration list for PBXNativeTarget "Flicker" */;
			buildPhases = (
				8AEABFD721F39B0F005AC005 /* Sources */,
				8AEABFD821F39B0F005AC005 /* Frameworks */,
				8AEABFD921F39B0F005AC005 /* Resources */,
			);
			buildRules = (
			);
			dependencies = (
			);
			name = Flicker;
			productName = Flicker;
			productReference = 8AEABFDB21F39B0F005AC005 /* Flicker.app */;
			productType = "com.apple.product-type.application";
		};
		8AEABFEE21F39B11005AC005 /* FlickerTests */ = {
			isa = PBXNativeTarget;
			buildConfigurationList = 8AEABFFB21F39B11005AC005 /* Build configuration list for PBXNativeTarget "FlickerTests" */;
			buildPhases = (
				8AEABFEB21F39B11005AC005 /* Sources */,
				8AEABFEC21F39B11005AC005 /* Frameworks */,
				8AEABFED21F39B11005AC005 /* Resources */,
			);
			buildRules = (
			);
			dependencies = (
				8AEABFF121F39B11005AC005 /* PBXTargetDependency */,
			);
			name = FlickerTests;
			productName = FlickerTests;
			productReference = 8AEABFEF21F39B11005AC005 /* FlickerTests.xctest */;
			productType = "com.apple.product-type.bundle.unit-test";
		};
/* End PBXNativeTarget section */

/* Begin PBXProject section */
		8AEABFD321F39B0F005AC005 /* Project object */ = {
			isa = PBXProject;
			attributes = {
				LastSwiftUpdateCheck = 1010;
				LastUpgradeCheck = 1010;
				ORGANIZATIONNAME = Mine;
				TargetAttributes = {
					8AEABFDA21F39B0F005AC005 = {
						CreatedOnToolsVersion = 10.1;
					};
					8AEABFEE21F39B11005AC005 = {
						CreatedOnToolsVersion = 10.1;
						TestTargetID = 8AEABFDA21F39B0F005AC005;
					};
				};
			};
			buildConfigurationList = 8AEABFD621F39B0F005AC005 /* Build configuration list for PBXProject "Flicker" */;
			compatibilityVersion = "Xcode 9.3";
			developmentRegion = en;
			hasScannedForEncodings = 0;
			knownRegions = (
				en,
				Base,
			);
			mainGroup = 8AEABFD221F39B0F005AC005;
			productRefGroup = 8AEABFDC21F39B0F005AC005 /* Products */;
			projectDirPath = "";
			projectRoot = "";
			targets = (
				8AEABFDA21F39B0F005AC005 /* Flicker */,
				8AEABFEE21F39B11005AC005 /* FlickerTests */,
			);
		};
/* End PBXProject section */

/* Begin PBXResourcesBuildPhase section */
		8AEABFD921F39B0F005AC005 /* Resources */ = {
			isa = PBXResourcesBuildPhase;
			buildActionMask = 2147483647;
			files = (
				8AEABFE921F39B11005AC005 /* LaunchScreen.storyboard in Resources */,
				8AEABFE621F39B11005AC005 /* Assets.xcassets in Resources */,
				8AEABFE421F39B0F005AC005 /* Main.storyboard in Resources */,
			);
			runOnlyForDeploymentPostprocessing = 0;
		};
		8AEABFED21F39B11005AC005 /* Resources */ = {
			isa = PBXResourcesBuildPhase;
			buildActionMask = 2147483647;
			files = (
			);
			runOnlyForDeploymentPostprocessing = 0;
		};
/* End PBXResourcesBuildPhase section */

/* Begin PBXSourcesBuildPhase section */
		8AEABFD721F39B0F005AC005 /* Sources */ = {
			isa = PBXSourcesBuildPhase;
			buildActionMask = 2147483647;
			files = (
				8AEABFE121F39B0F005AC005 /* ViewController.swift in Sources */,
				8AEABFDF21F39B0F005AC005 /* AppDelegate.swift in Sources */,
			);
			runOnlyForDeploymentPostprocessing = 0;
		};
		8AEABFEB21F39B11005AC005 /* Sources */ = {
			isa = PBXSourcesBuildPhase;
			buildActionMask = 2147483647;
			files = (
				8AEABFF421F39B11005AC005 /* FlickerTests.swift in Sources */,
			);
			runOnlyForDeploymentPostprocessing = 0;
		};
/* End PBXSourcesBuildPhase section */

/* Begin PBXTargetDependency section */
		8AEABFF121F39B11005AC005 /* PBXTargetDependency */ = {
			isa = PBXTargetDependency;
			target = 8AEABFDA21F39B0F005AC005 /* Flicker */;
			targetProxy = 8AEABFF021F39B11005AC005 /* PBXContainerItemProxy */;
		};
/* End PBXTargetDependency section */

/* Begin PBXVariantGroup section */
		8AEABFE221F39B0F005AC005 /* Main.storyboard */ = {
			isa = PBXVariantGroup;
			children = (
				8AEABFE321F39B0F005AC005 /* Base */,
			);
			name = Main.storyboard;
			sourceTree = "<group>";
		};
		8AEABFE721F39B11005AC005 /* LaunchScreen.storyboard */ = {
			isa = PBXVariantGroup;
			children = (
				8AEABFE821F39B11005AC005 /* Base */,
			);
			name = LaunchScreen.storyboard;
			sourceTree = "<group>";
		};
/* End PBXVariantGroup section */

/* Begin XCBuildConfiguration section */
		8AEABFF621F39B11005AC005 /* Debug */ = {
			isa = XCBuildConfiguration;
			buildSettings = {
				ALWAYS_SEARCH_USER_PATHS = NO;
				CLANG_ANALYZER_NONNULL = YES;
				CLANG_ANALYZER_NUMBER_OBJECT_CONVERSION = YES_AGGRESSIVE;
				CLANG_CXX_LANGUAGE_STANDARD = "gnu++14";
				CLANG_CXX_LIBRARY = "libc++";
				CLANG_ENABLE_MODULES = YES;
				CLANG_ENABLE_OBJC_ARC = YES;
				CLANG_ENABLE_OBJC_WEAK = YES;
				CLANG_WARN_BLOCK_CAPTURE_AUTORELEASING = YES;
				CLANG_WARN_BOOL_CONVERSION = YES;
				CLANG_WARN_COMMA = YES;
				CLANG_WARN_CONSTANT_CONVERSION = YES;
				CLANG_WARN_DEPRECATED_OBJC_IMPLEMENTATIONS = YES;
				CLANG_WARN_DIRECT_OBJC_ISA_USAGE = YES_ERROR;
				CLANG_WARN_DOCUMENTATION_COMMENTS = YES;
				CLANG_WARN_EMPTY_BODY = YES;
				CLANG_WARN_ENUM_CONVERSION = YES;
				CLANG_WARN_INFINITE_RECURSION = YES;
				CLANG_WARN_INT_CONVERSION = YES;
				CLANG_WARN_NON_LITERAL_NULL_CONVERSION = YES;
				CLANG_WARN_OBJC_IMPLICIT_RETAIN_SELF = YES;
				CLANG_WARN_OBJC_LITERAL_CONVERSION = YES;
				CLANG_WARN_OBJC_ROOT_CLASS = YES_ERROR;
				CLANG_WARN_RANGE_LOOP_ANALYSIS = YES;
				CLANG_WARN_STRICT_PROTOTYPES = YES;
				CLANG_WARN_SUSPICIOUS_MOVE = YES;
				CLANG_WARN_UNGUARDED_AVAILABILITY = YES_AGGRESSIVE;
				CLANG_WARN_UNREACHABLE_CODE = YES;
				CLANG_WARN__DUPLICATE_METHOD_MATCH = YES;
				CODE_SIGN_IDENTITY = "iPhone Developer";
				COPY_PHASE_STRIP = NO;
				DEBUG_INFORMATION_FORMAT = dwarf;
				ENABLE_STRICT_OBJC_MSGSEND = YES;
				ENABLE_TESTABILITY = YES;
				GCC_C_LANGUAGE_STANDARD = gnu11;
				GCC_DYNAMIC_NO_PIC = NO;
				GCC_NO_COMMON_BLOCKS = YES;
				GCC_OPTIMIZATION_LEVEL = 0;
				GCC_PREPROCESSOR_DEFINITIONS = (
					"DEBUG=1",
					"$(inherited)",
				);
				GCC_WARN_64_TO_32_BIT_CONVERSION = YES;
				GCC_WARN_ABOUT_RETURN_TYPE = YES_ERROR;
				GCC_WARN_UNDECLARED_SELECTOR = YES;
				GCC_WARN_UNINITIALIZED_AUTOS = YES_AGGRESSIVE;
				GCC_WARN_UNUSED_FUNCTION = YES;
				GCC_WARN_UNUSED_VARIABLE = YES;
				IPHONEOS_DEPLOYMENT_TARGET = 12.1;
				MTL_ENABLE_DEBUG_INFO = INCLUDE_SOURCE;
				MTL_FAST_MATH = YES;
				ONLY_ACTIVE_ARCH = YES;
				SDKROOT = iphoneos;
				SWIFT_ACTIVE_COMPILATION_CONDITIONS = DEBUG;
				SWIFT_OPTIMIZATION_LEVEL = "-Onone";
			};
			name = Debug;
		};
		8AEABFF721F39B11005AC005 /* Release */ = {
			isa = XCBuildConfiguration;
			buildSettings = {
				ALWAYS_SEARCH_USER_PATHS = NO;
				CLANG_ANALYZER_NONNULL = YES;
				CLANG_ANALYZER_NUMBER_OBJECT_CONVERSION = YES_AGGRESSIVE;
				CLANG_CXX_LANGUAGE_STANDARD = "gnu++14";
				CLANG_CXX_LIBRARY = "libc++";
				CLANG_ENABLE_MODULES = YES;
				CLANG_ENABLE_OBJC_ARC = YES;
				CLANG_ENABLE_OBJC_WEAK = YES;
				CLANG_WARN_BLOCK_CAPTURE_AUTORELEASING = YES;
				CLANG_WARN_BOOL_CONVERSION = YES;
				CLANG_WARN_COMMA = YES;
				CLANG_WARN_CONSTANT_CONVERSION = YES;
				CLANG_WARN_DEPRECATED_OBJC_IMPLEMENTATIONS = YES;
				CLANG_WARN_DIRECT_OBJC_ISA_USAGE = YES_ERROR;
				CLANG_WARN_DOCUMENTATION_COMMENTS = YES;
				CLANG_WARN_EMPTY_BODY = YES;
				CLANG_WARN_ENUM_CONVERSION = YES;
				CLANG_WARN_INFINITE_RECURSION = YES;
				CLANG_WARN_INT_CONVERSION = YES;
				CLANG_WARN_NON_LITERAL_NULL_CONVERSION = YES;
				CLANG_WARN_OBJC_IMPLICIT_RETAIN_SELF = YES;
				CLANG_WARN_OBJC_LITERAL_CONVERSION = YES;
				CLANG_WARN_OBJC_ROOT_CLASS = YES_ERROR;
				CLANG_WARN_RANGE_LOOP_ANALYSIS = YES;
				CLANG_WARN_STRICT_PROTOTYPES = YES;
				CLANG_WARN_SUSPICIOUS_MOVE = YES;
				CLANG_WARN_UNGUARDED_AVAILABILITY = YES_AGGRESSIVE;
				CLANG_WARN_UNREACHABLE_CODE = YES;
				CLANG_WARN__DUPLICATE_METHOD_MATCH = YES;
				CODE_SIGN_IDENTITY = "iPhone Developer";
				COPY_PHASE_STRIP = NO;
				DEBUG_INFORMATION_FORMAT = "dwarf-with-dsym";
				ENABLE_NS_ASSERTIONS = NO;
				ENABLE_STRICT_OBJC_MSGSEND = YES;
				GCC_C_LANGUAGE_STANDARD = gnu11;
				GCC_NO_COMMON_BLOCKS = YES;
				GCC_WARN_64_TO_32_BIT_CONVERSION = YES;
				GCC_WARN_ABOUT_RETURN_TYPE = YES_ERROR;
				GCC_WARN_UNDECLARED_SELECTOR = YES;
				GCC_WARN_UNINITIALIZED_AUTOS = YES_AGGRESSIVE;
				GCC_WARN_UNUSED_FUNCTION = YES;
				GCC_WARN_UNUSED_VARIABLE = YES;
				IPHONEOS_DEPLOYMENT_TARGET = 12.1;
				MTL_ENABLE_DEBUG_INFO = NO;
				MTL_FAST_MATH = YES;
				SDKROOT = iphoneos;
				SWIFT_COMPILATION_MODE = wholemodule;
				SWIFT_OPTIMIZATION_LEVEL = "-O";
				VALIDATE_PRODUCT = YES;
			};
			name = Release;
		};
		8AEABFF921F39B11005AC005 /* Debug */ = {
			isa = XCBuildConfiguration;
			buildSettings = {
				ASSETCATALOG_COMPILER_APPICON_NAME = AppIcon;
				CODE_SIGN_STYLE = Automatic;
				INFOPLIST_FILE = Flicker/Info.plist;
				LD_RUNPATH_SEARCH_PATHS = (
					"$(inherited)",
					"@executable_path/Frameworks",
				);
				PRODUCT_BUNDLE_IDENTIFIER = Mine.Flicker;
				PRODUCT_NAME = "$(TARGET_NAME)";
				SWIFT_VERSION = 4.2;
				TARGETED_DEVICE_FAMILY = "1,2";
			};
			name = Debug;
		};
		8AEABFFA21F39B11005AC005 /* Release */ = {
			isa = XCBuildConfiguration;
			buildSettings = {
				ASSETCATALOG_COMPILER_APPICON_NAME = AppIcon;
				CODE_SIGN_STYLE = Automatic;
				INFOPLIST_FILE = Flicker/Info.plist;
				LD_RUNPATH_SEARCH_PATHS = (
					"$(inherited)",
					"@executable_path/Frameworks",
				);
				PRODUCT_BUNDLE_IDENTIFIER = Mine.Flicker;
				PRODUCT_NAME = "$(TARGET_NAME)";
				SWIFT_VERSION = 4.2;
				TARGETED_DEVICE_FAMILY = "1,2";
			};
			name = Release;
		};
		8AEABFFC21F39B11005AC005 /* Debug */ = {
			isa = XCBuildConfiguration;
			buildSettings = {
				ALWAYS_EMBED_SWIFT_STANDARD_LIBRARIES = YES;
				BUNDLE_LOADER = "$(TEST_HOST)";
				CODE_SIGN_STYLE = Automatic;
				INFOPLIST_FILE = FlickerTests/Info.plist;
				LD_RUNPATH_SEARCH_PATHS = (
					"$(inherited)",
					"@executable_path/Frameworks",
					"@loader_path/Frameworks",
				);
				PRODUCT_BUNDLE_IDENTIFIER = Mine.FlickerTests;
				PRODUCT_NAME = "$(TARGET_NAME)";
				SWIFT_VERSION = 4.2;
				TARGETED_DEVICE_FAMILY = "1,2";
				TEST_HOST = "$(BUILT_PRODUCTS_DIR)/Flicker.app/Flicker";
			};
			name = Debug;
		};
		8AEABFFD21F39B11005AC005 /* Release */ = {
			isa = XCBuildConfiguration;
			buildSettings = {
				ALWAYS_EMBED_SWIFT_STANDARD_LIBRARIES = YES;
				BUNDLE_LOADER = "$(TEST_HOST)";
				CODE_SIGN_STYLE = Automatic;
				INFOPLIST_FILE = FlickerTests/Info.plist;
				LD_RUNPATH_SEARCH_PATHS = (
					"$(inherited)",
					"@executable_path/Frameworks",
					"@loader_path/Frameworks",
				);
				PRODUCT_BUNDLE_IDENTIFIER = Mine.FlickerTests;
				PRODUCT_NAME = "$(TARGET_NAME)";
				SWIFT_VERSION = 4.2;
				TARGETED_DEVICE_FAMILY = "1,2";
				TEST_HOST = "$(BUILT_PRODUCTS_DIR)/Flicker.app/Flicker";
			};
			name = Release;
		};
/* End XCBuildConfiguration section */

/* Begin XCConfigurationList section */
		8AEABFD621F39B0F005AC005 /* Build configuration list for PBXProject "Flicker" */ = {
			isa = XCConfigurationList;
			buildConfigurations = (
				8AEABFF621F39B11005AC005 /* Debug */,
				8AEABFF721F39B11005AC005 /* Release */,
			);
			defaultConfigurationIsVisible = 0;
			defaultConfigurationName = Release;
		};
		8AEABFF821F39B11005AC005 /* Build configuration list for PBXNativeTarget "Flicker" */ = {
			isa = XCConfigurationList;
			buildConfigurations = (
				8AEABFF921F39B11005AC005 /* Debug */,
				8AEABFFA21F39B11005AC005 /* Release */,
			);
			defaultConfigurationIsVisible = 0;
			defaultConfigurationName = Release;
		};
		8AEABFFB21F39B11005AC005 /* Build configuration list for PBXNativeTarget "FlickerTests" */ = {
			isa = XCConfigurationList;
			buildConfigurations = (
				8AEABFFC21F39B11005AC005 /* Debug */,
				8AEABFFD21F39B11005AC005 /* Release */,
			);
			defaultConfigurationIsVisible = 0;
			defaultConfigurationName = Release;
		};
/* End XCConfigurationList section */
	};
	rootObject = 8AEABFD321F39B0F005AC005 /* Project object */;
}
